
Microsoft Visual Studio Solution File, Format Version 12.00
Project("{FAE04EC0-301F-11D3-BF4B-00C04F79EFBC}") = "ProfileMicroservice", "ProfileMicroservice\ProfileMicroservice.csproj", "{AD54A00E-3EF9-41CC-BCF0-849586039091}"
EndProject
Project("{FAE04EC0-301F-11D3-BF4B-00C04F79EFBC}") = "AuthMicroservice", "AuthMicroservice\AuthMicroservice.csproj", "{8C4CDFB5-DCE8-425A-A90A-54F17A4990A8}"
EndProject
Project("{2150E333-8FDC-42A3-9474-1A3956D46DE8}") = "Solution Items", "Solution Items", "{EA8199CD-CB58-4985-821E-2234EBF497C7}"
	ProjectSection(SolutionItems) = preProject
		docker-compose.yml = docker-compose.yml
		.env = .env
		.env.example = .env.example
	EndProjectSection
EndProject
Project("{FAE04EC0-301F-11D3-BF4B-00C04F79EFBC}") = "MatchMicroservice", "MatchMicroservice\MatchMicroservice.csproj", "{263EBF9B-9D07-463B-838F-F48797C8BCA5}"
EndProject
Global
	GlobalSection(SolutionConfigurationPlatforms) = preSolution
		Debug|Any CPU = Debug|Any CPU
		Release|Any CPU = Release|Any CPU
	EndGlobalSection
	GlobalSection(ProjectConfigurationPlatforms) = postSolution
		{AD54A00E-3EF9-41CC-BCF0-849586039091}.Debug|Any CPU.ActiveCfg = Debug|Any CPU
		{AD54A00E-3EF9-41CC-BCF0-849586039091}.Debug|Any CPU.Build.0 = Debug|Any CPU
		{AD54A00E-3EF9-41CC-BCF0-849586039091}.Release|Any CPU.ActiveCfg = Release|Any CPU
		{AD54A00E-3EF9-41CC-BCF0-849586039091}.Release|Any CPU.Build.0 = Release|Any CPU
		{8C4CDFB5-DCE8-425A-A90A-54F17A4990A8}.Debug|Any CPU.ActiveCfg = Debug|Any CPU
		{8C4CDFB5-DCE8-425A-A90A-54F17A4990A8}.Debug|Any CPU.Build.0 = Debug|Any CPU
		{8C4CDFB5-DCE8-425A-A90A-54F17A4990A8}.Release|Any CPU.ActiveCfg = Release|Any CPU
		{8C4CDFB5-DCE8-425A-A90A-54F17A4990A8}.Release|Any CPU.Build.0 = Release|Any CPU
		{263EBF9B-9D07-463B-838F-F48797C8BCA5}.Debug|Any CPU.ActiveCfg = Debug|Any CPU
		{263EBF9B-9D07-463B-838F-F48797C8BCA5}.Debug|Any CPU.Build.0 = Debug|Any CPU
		{263EBF9B-9D07-463B-838F-F48797C8BCA5}.Release|Any CPU.ActiveCfg = Release|Any CPU
		{263EBF9B-9D07-463B-838F-F48797C8BCA5}.Release|Any CPU.Build.0 = Release|Any CPU
	EndGlobalSection
EndGlobal
